// !$*UTF8*$!
{
	archiveVersion = 1;
	classes = {
	};
	objectVersion = 46;
	objects = {

/* Begin PBXBuildFile section */
		3D538B811902FE5A00593726 /* Foundation.framework in Frameworks */ = {isa = PBXBuildFile; fileRef = 3D538B801902FE5A00593726 /* Foundation.framework */; };
		3D538B831902FE5A00593726 /* CoreGraphics.framework in Frameworks */ = {isa = PBXBuildFile; fileRef = 3D538B821902FE5A00593726 /* CoreGraphics.framework */; };
		3D538B851902FE5A00593726 /* UIKit.framework in Frameworks */ = {isa = PBXBuildFile; fileRef = 3D538B841902FE5A00593726 /* UIKit.framework */; };
		3D538B8B1902FE5A00593726 /* InfoPlist.strings in Resources */ = {isa = PBXBuildFile; fileRef = 3D538B891902FE5A00593726 /* InfoPlist.strings */; };
		3D538B8D1902FE5A00593726 /* main.m in Sources */ = {isa = PBXBuildFile; fileRef = 3D538B8C1902FE5A00593726 /* main.m */; };
		3D538B911902FE5A00593726 /* NVMFieldAppDelegate.m in Sources */ = {isa = PBXBuildFile; fileRef = 3D538B901902FE5A00593726 /* NVMFieldAppDelegate.m */; };
		3D538B931902FE5A00593726 /* Images.xcassets in Resources */ = {isa = PBXBuildFile; fileRef = 3D538B921902FE5A00593726 /* Images.xcassets */; };
		3D538B9A1902FE5B00593726 /* XCTest.framework in Frameworks */ = {isa = PBXBuildFile; fileRef = 3D538B991902FE5B00593726 /* XCTest.framework */; };
		3D538B9B1902FE5B00593726 /* Foundation.framework in Frameworks */ = {isa = PBXBuildFile; fileRef = 3D538B801902FE5A00593726 /* Foundation.framework */; };
		3D538B9C1902FE5B00593726 /* UIKit.framework in Frameworks */ = {isa = PBXBuildFile; fileRef = 3D538B841902FE5A00593726 /* UIKit.framework */; };
		3D538BA41902FE5B00593726 /* InfoPlist.strings in Resources */ = {isa = PBXBuildFile; fileRef = 3D538BA21902FE5B00593726 /* InfoPlist.strings */; };
		3D538BA61902FE5B00593726 /* NovumFieldTests.m in Sources */ = {isa = PBXBuildFile; fileRef = 3D538BA51902FE5B00593726 /* NovumFieldTests.m */; };
		3D538BB81903009400593726 /* Novum Icon 01_120x120.png in Resources */ = {isa = PBXBuildFile; fileRef = 3D538BB51903009400593726 /* Novum Icon 01_120x120.png */; };
		3D538BB91903009400593726 /* Novum Icon 01_58x58.png in Resources */ = {isa = PBXBuildFile; fileRef = 3D538BB61903009400593726 /* Novum Icon 01_58x58.png */; };
		3D538BBA1903009400593726 /* Novum Icon 01_80x80.png in Resources */ = {isa = PBXBuildFile; fileRef = 3D538BB71903009400593726 /* Novum Icon 01_80x80.png */; };
		3D538BC01903019000593726 /* MainStoryboard.storyboard in Resources */ = {isa = PBXBuildFile; fileRef = 3D538BBF1903019000593726 /* MainStoryboard.storyboard */; };
		3D538BC31903124C00593726 /* NVMFieldHomeViewController.m in Sources */ = {isa = PBXBuildFile; fileRef = 3D538BC21903124C00593726 /* NVMFieldHomeViewController.m */; };
		3D538BC819031D5A00593726 /* Novum Icon 01_32x32.png in Resources */ = {isa = PBXBuildFile; fileRef = 3D538BC719031D5A00593726 /* Novum Icon 01_32x32.png */; };
		3D538BCA1903233700593726 /* Localizable.strings in Resources */ = {isa = PBXBuildFile; fileRef = 3D538BC91903233700593726 /* Localizable.strings */; };
		3D538BCD1903290700593726 /* NVMFieldSettingsViewController.m in Sources */ = {isa = PBXBuildFile; fileRef = 3D538BCC1903290700593726 /* NVMFieldSettingsViewController.m */; };
		3D538BD019032CD900593726 /* NVMFieldUtilityViewController.m in Sources */ = {isa = PBXBuildFile; fileRef = 3D538BCF19032CD900593726 /* NVMFieldUtilityViewController.m */; };
		3D538BD3190344B700593726 /* NVMFieldUser.m in Sources */ = {isa = PBXBuildFile; fileRef = 3D538BD2190344B700593726 /* NVMFieldUser.m */; };
		3D538BD619035E7000593726 /* UIDevice+macaddress.m in Sources */ = {isa = PBXBuildFile; fileRef = 3D538BD519035E7000593726 /* UIDevice+macaddress.m */; };
		3DAE6C681903FBA100BDFC3B /* MobileCoreServices.framework in Frameworks */ = {isa = PBXBuildFile; fileRef = 3DAE6C671903FBA100BDFC3B /* MobileCoreServices.framework */; };
		3DAE6C6A1904027800BDFC3B /* camera.png in Resources */ = {isa = PBXBuildFile; fileRef = 3DAE6C691904027800BDFC3B /* camera.png */; };
/* End PBXBuildFile section */

/* Begin PBXContainerItemProxy section */
		3D538B9D1902FE5B00593726 /* PBXContainerItemProxy */ = {
			isa = PBXContainerItemProxy;
			containerPortal = 3D538B751902FE5A00593726 /* Project object */;
			proxyType = 1;
			remoteGlobalIDString = 3D538B7C1902FE5A00593726;
			remoteInfo = NovumField;
		};
/* End PBXContainerItemProxy section */

/* Begin PBXFileReference section */
		3D538B7D1902FE5A00593726 /* NovumField.app */ = {isa = PBXFileReference; explicitFileType = wrapper.application; includeInIndex = 0; path = NovumField.app; sourceTree = BUILT_PRODUCTS_DIR; };
		3D538B801902FE5A00593726 /* Foundation.framework */ = {isa = PBXFileReference; lastKnownFileType = wrapper.framework; name = Foundation.framework; path = System/Library/Frameworks/Foundation.framework; sourceTree = SDKROOT; };
		3D538B821902FE5A00593726 /* CoreGraphics.framework */ = {isa = PBXFileReference; lastKnownFileType = wrapper.framework; name = CoreGraphics.framework; path = System/Library/Frameworks/CoreGraphics.framework; sourceTree = SDKROOT; };
		3D538B841902FE5A00593726 /* UIKit.framework */ = {isa = PBXFileReference; lastKnownFileType = wrapper.framework; name = UIKit.framework; path = System/Library/Frameworks/UIKit.framework; sourceTree = SDKROOT; };
		3D538B881902FE5A00593726 /* NovumField-Info.plist */ = {isa = PBXFileReference; lastKnownFileType = text.plist.xml; path = "NovumField-Info.plist"; sourceTree = "<group>"; };
		3D538B8A1902FE5A00593726 /* en */ = {isa = PBXFileReference; lastKnownFileType = text.plist.strings; name = en; path = en.lproj/InfoPlist.strings; sourceTree = "<group>"; };
		3D538B8C1902FE5A00593726 /* main.m */ = {isa = PBXFileReference; lastKnownFileType = sourcecode.c.objc; path = main.m; sourceTree = "<group>"; };
		3D538B8E1902FE5A00593726 /* NovumField-Prefix.pch */ = {isa = PBXFileReference; lastKnownFileType = sourcecode.c.h; path = "NovumField-Prefix.pch"; sourceTree = "<group>"; };
		3D538B8F1902FE5A00593726 /* NVMFieldAppDelegate.h */ = {isa = PBXFileReference; lastKnownFileType = sourcecode.c.h; path = NVMFieldAppDelegate.h; sourceTree = "<group>"; };
		3D538B901902FE5A00593726 /* NVMFieldAppDelegate.m */ = {isa = PBXFileReference; lastKnownFileType = sourcecode.c.objc; path = NVMFieldAppDelegate.m; sourceTree = "<group>"; };
		3D538B921902FE5A00593726 /* Images.xcassets */ = {isa = PBXFileReference; lastKnownFileType = folder.assetcatalog; path = Images.xcassets; sourceTree = "<group>"; };
		3D538B981902FE5B00593726 /* NovumFieldTests.xctest */ = {isa = PBXFileReference; explicitFileType = wrapper.cfbundle; includeInIndex = 0; path = NovumFieldTests.xctest; sourceTree = BUILT_PRODUCTS_DIR; };
		3D538B991902FE5B00593726 /* XCTest.framework */ = {isa = PBXFileReference; lastKnownFileType = wrapper.framework; name = XCTest.framework; path = Library/Frameworks/XCTest.framework; sourceTree = DEVELOPER_DIR; };
		3D538BA11902FE5B00593726 /* NovumFieldTests-Info.plist */ = {isa = PBXFileReference; lastKnownFileType = text.plist.xml; path = "NovumFieldTests-Info.plist"; sourceTree = "<group>"; };
		3D538BA31902FE5B00593726 /* en */ = {isa = PBXFileReference; lastKnownFileType = text.plist.strings; name = en; path = en.lproj/InfoPlist.strings; sourceTree = "<group>"; };
		3D538BA51902FE5B00593726 /* NovumFieldTests.m */ = {isa = PBXFileReference; lastKnownFileType = sourcecode.c.objc; path = NovumFieldTests.m; sourceTree = "<group>"; };
		3D538BB51903009400593726 /* Novum Icon 01_120x120.png */ = {isa = PBXFileReference; lastKnownFileType = image.png; path = "Novum Icon 01_120x120.png"; sourceTree = "<group>"; };
		3D538BB61903009400593726 /* Novum Icon 01_58x58.png */ = {isa = PBXFileReference; lastKnownFileType = image.png; path = "Novum Icon 01_58x58.png"; sourceTree = "<group>"; };
		3D538BB71903009400593726 /* Novum Icon 01_80x80.png */ = {isa = PBXFileReference; lastKnownFileType = image.png; path = "Novum Icon 01_80x80.png"; sourceTree = "<group>"; };
		3D538BBF1903019000593726 /* MainStoryboard.storyboard */ = {isa = PBXFileReference; fileEncoding = 4; lastKnownFileType = file.storyboard; path = MainStoryboard.storyboard; sourceTree = "<group>"; };
		3D538BC11903124C00593726 /* NVMFieldHomeViewController.h */ = {isa = PBXFileReference; fileEncoding = 4; lastKnownFileType = sourcecode.c.h; path = NVMFieldHomeViewController.h; sourceTree = "<group>"; };
		3D538BC21903124C00593726 /* NVMFieldHomeViewController.m */ = {isa = PBXFileReference; fileEncoding = 4; lastKnownFileType = sourcecode.c.objc; path = NVMFieldHomeViewController.m; sourceTree = "<group>"; };
		3D538BC719031D5A00593726 /* Novum Icon 01_32x32.png */ = {isa = PBXFileReference; lastKnownFileType = image.png; path = "Novum Icon 01_32x32.png"; sourceTree = "<group>"; };
		3D538BC91903233700593726 /* Localizable.strings */ = {isa = PBXFileReference; fileEncoding = 4; lastKnownFileType = text.plist.strings; path = Localizable.strings; sourceTree = "<group>"; };
		3D538BCB1903290700593726 /* NVMFieldSettingsViewController.h */ = {isa = PBXFileReference; fileEncoding = 4; lastKnownFileType = sourcecode.c.h; path = NVMFieldSettingsViewController.h; sourceTree = "<group>"; };
		3D538BCC1903290700593726 /* NVMFieldSettingsViewController.m */ = {isa = PBXFileReference; fileEncoding = 4; lastKnownFileType = sourcecode.c.objc; path = NVMFieldSettingsViewController.m; sourceTree = "<group>"; };
		3D538BCE19032CD900593726 /* NVMFieldUtilityViewController.h */ = {isa = PBXFileReference; fileEncoding = 4; lastKnownFileType = sourcecode.c.h; path = NVMFieldUtilityViewController.h; sourceTree = "<group>"; };
		3D538BCF19032CD900593726 /* NVMFieldUtilityViewController.m */ = {isa = PBXFileReference; fileEncoding = 4; lastKnownFileType = sourcecode.c.objc; path = NVMFieldUtilityViewController.m; sourceTree = "<group>"; };
		3D538BD1190344B700593726 /* NVMFieldUser.h */ = {isa = PBXFileReference; fileEncoding = 4; lastKnownFileType = sourcecode.c.h; path = NVMFieldUser.h; sourceTree = "<group>"; };
		3D538BD2190344B700593726 /* NVMFieldUser.m */ = {isa = PBXFileReference; fileEncoding = 4; lastKnownFileType = sourcecode.c.objc; path = NVMFieldUser.m; sourceTree = "<group>"; };
		3D538BD419035E7000593726 /* UIDevice+macaddress.h */ = {isa = PBXFileReference; fileEncoding = 4; lastKnownFileType = sourcecode.c.h; path = "UIDevice+macaddress.h"; sourceTree = "<group>"; };
		3D538BD519035E7000593726 /* UIDevice+macaddress.m */ = {isa = PBXFileReference; fileEncoding = 4; lastKnownFileType = sourcecode.c.objc; path = "UIDevice+macaddress.m"; sourceTree = "<group>"; };
		3DAE6C671903FBA100BDFC3B /* MobileCoreServices.framework */ = {isa = PBXFileReference; lastKnownFileType = wrapper.framework; name = MobileCoreServices.framework; path = System/Library/Frameworks/MobileCoreServices.framework; sourceTree = SDKROOT; };
		3DAE6C691904027800BDFC3B /* camera.png */ = {isa = PBXFileReference; lastKnownFileType = image.png; path = camera.png; sourceTree = "<group>"; };
/* End PBXFileReference section */

/* Begin PBXFrameworksBuildPhase section */
		3D538B7A1902FE5A00593726 /* Frameworks */ = {
			isa = PBXFrameworksBuildPhase;
			buildActionMask = 2147483647;
			files = (
				3DAE6C681903FBA100BDFC3B /* MobileCoreServices.framework in Frameworks */,
				3D538B831902FE5A00593726 /* CoreGraphics.framework in Frameworks */,
				3D538B851902FE5A00593726 /* UIKit.framework in Frameworks */,
				3D538B811902FE5A00593726 /* Foundation.framework in Frameworks */,
			);
			runOnlyForDeploymentPostprocessing = 0;
		};
		3D538B951902FE5B00593726 /* Frameworks */ = {
			isa = PBXFrameworksBuildPhase;
			buildActionMask = 2147483647;
			files = (
				3D538B9A1902FE5B00593726 /* XCTest.framework in Frameworks */,
				3D538B9C1902FE5B00593726 /* UIKit.framework in Frameworks */,
				3D538B9B1902FE5B00593726 /* Foundation.framework in Frameworks */,
			);
			runOnlyForDeploymentPostprocessing = 0;
		};
/* End PBXFrameworksBuildPhase section */

/* Begin PBXGroup section */
		3D538B741902FE5A00593726 = {
			isa = PBXGroup;
			children = (
				3D538B861902FE5A00593726 /* NovumField */,
				3D538B9F1902FE5B00593726 /* NovumFieldTests */,
				3D538B7F1902FE5A00593726 /* Frameworks */,
				3D538B7E1902FE5A00593726 /* Products */,
			);
			sourceTree = "<group>";
		};
		3D538B7E1902FE5A00593726 /* Products */ = {
			isa = PBXGroup;
			children = (
				3D538B7D1902FE5A00593726 /* NovumField.app */,
				3D538B981902FE5B00593726 /* NovumFieldTests.xctest */,
			);
			name = Products;
			sourceTree = "<group>";
		};
		3D538B7F1902FE5A00593726 /* Frameworks */ = {
			isa = PBXGroup;
			children = (
				3DAE6C671903FBA100BDFC3B /* MobileCoreServices.framework */,
				3D538B801902FE5A00593726 /* Foundation.framework */,
				3D538B821902FE5A00593726 /* CoreGraphics.framework */,
				3D538B841902FE5A00593726 /* UIKit.framework */,
				3D538B991902FE5B00593726 /* XCTest.framework */,
			);
			name = Frameworks;
			sourceTree = "<group>";
		};
		3D538B861902FE5A00593726 /* NovumField */ = {
			isa = PBXGroup;
			children = (
				3D538BC41903126100593726 /* Modal */,
				3D538BC51903126D00593726 /* View */,
				3D538BC61903128400593726 /* Controller */,
				3D538B8F1902FE5A00593726 /* NVMFieldAppDelegate.h */,
				3D538B901902FE5A00593726 /* NVMFieldAppDelegate.m */,
				3D538B921902FE5A00593726 /* Images.xcassets */,
				3D538B871902FE5A00593726 /* Supporting Files */,
				3D538BB41903009400593726 /* Icons */,
			);
			path = NovumField;
			sourceTree = "<group>";
		};
		3D538B871902FE5A00593726 /* Supporting Files */ = {
			isa = PBXGroup;
			children = (
				3D538B881902FE5A00593726 /* NovumField-Info.plist */,
				3D538B891902FE5A00593726 /* InfoPlist.strings */,
				3D538BC91903233700593726 /* Localizable.strings */,
				3D538B8C1902FE5A00593726 /* main.m */,
				3D538B8E1902FE5A00593726 /* NovumField-Prefix.pch */,
				3D538BD419035E7000593726 /* UIDevice+macaddress.h */,
				3D538BD519035E7000593726 /* UIDevice+macaddress.m */,
			);
			name = "Supporting Files";
			sourceTree = "<group>";
		};
		3D538B9F1902FE5B00593726 /* NovumFieldTests */ = {
			isa = PBXGroup;
			children = (
				3D538BA51902FE5B00593726 /* NovumFieldTests.m */,
				3D538BA01902FE5B00593726 /* Supporting Files */,
			);
			path = NovumFieldTests;
			sourceTree = "<group>";
		};
		3D538BA01902FE5B00593726 /* Supporting Files */ = {
			isa = PBXGroup;
			children = (
				3D538BA11902FE5B00593726 /* NovumFieldTests-Info.plist */,
				3D538BA21902FE5B00593726 /* InfoPlist.strings */,
			);
			name = "Supporting Files";
			sourceTree = "<group>";
		};
		3D538BB41903009400593726 /* Icons */ = {
			isa = PBXGroup;
			children = (
				3DAE6C691904027800BDFC3B /* camera.png */,
				3D538BC719031D5A00593726 /* Novum Icon 01_32x32.png */,
				3D538BB51903009400593726 /* Novum Icon 01_120x120.png */,
				3D538BB61903009400593726 /* Novum Icon 01_58x58.png */,
				3D538BB71903009400593726 /* Novum Icon 01_80x80.png */,
			);
			path = Icons;
			sourceTree = "<group>";
		};
		3D538BC41903126100593726 /* Modal */ = {
			isa = PBXGroup;
			children = (
				3D538BD1190344B700593726 /* NVMFieldUser.h */,
				3D538BD2190344B700593726 /* NVMFieldUser.m */,
			);
			name = Modal;
			sourceTree = "<group>";
		};
		3D538BC51903126D00593726 /* View */ = {
			isa = PBXGroup;
			children = (
				3D538BBF1903019000593726 /* MainStoryboard.storyboard */,
			);
			name = View;
			sourceTree = "<group>";
		};
		3D538BC61903128400593726 /* Controller */ = {
			isa = PBXGroup;
			children = (
				3D538BC11903124C00593726 /* NVMFieldHomeViewController.h */,
				3D538BC21903124C00593726 /* NVMFieldHomeViewController.m */,
				3D538BCB1903290700593726 /* NVMFieldSettingsViewController.h */,
				3D538BCC1903290700593726 /* NVMFieldSettingsViewController.m */,
				3D538BCE19032CD900593726 /* NVMFieldUtilityViewController.h */,
				3D538BCF19032CD900593726 /* NVMFieldUtilityViewController.m */,
			);
			name = Controller;
			sourceTree = "<group>";
		};
/* End PBXGroup section */

/* Begin PBXNativeTarget section */
		3D538B7C1902FE5A00593726 /* NovumField */ = {
			isa = PBXNativeTarget;
			buildConfigurationList = 3D538BA91902FE5B00593726 /* Build configuration list for PBXNativeTarget "NovumField" */;
			buildPhases = (
				3D538B791902FE5A00593726 /* Sources */,
				3D538B7A1902FE5A00593726 /* Frameworks */,
				3D538B7B1902FE5A00593726 /* Resources */,
			);
			buildRules = (
			);
			dependencies = (
			);
			name = NovumField;
			productName = NovumField;
			productReference = 3D538B7D1902FE5A00593726 /* NovumField.app */;
			productType = "com.apple.product-type.application";
		};
		3D538B971902FE5B00593726 /* NovumFieldTests */ = {
			isa = PBXNativeTarget;
			buildConfigurationList = 3D538BAC1902FE5B00593726 /* Build configuration list for PBXNativeTarget "NovumFieldTests" */;
			buildPhases = (
				3D538B941902FE5B00593726 /* Sources */,
				3D538B951902FE5B00593726 /* Frameworks */,
				3D538B961902FE5B00593726 /* Resources */,
			);
			buildRules = (
			);
			dependencies = (
				3D538B9E1902FE5B00593726 /* PBXTargetDependency */,
			);
			name = NovumFieldTests;
			productName = NovumFieldTests;
			productReference = 3D538B981902FE5B00593726 /* NovumFieldTests.xctest */;
			productType = "com.apple.product-type.bundle.unit-test";
		};
/* End PBXNativeTarget section */

/* Begin PBXProject section */
		3D538B751902FE5A00593726 /* Project object */ = {
			isa = PBXProject;
			attributes = {
				CLASSPREFIX = NVMField;
				LastUpgradeCheck = 0510;
				ORGANIZATIONNAME = com.novumconcepts.novumField_ios;
				TargetAttributes = {
					3D538B7C1902FE5A00593726 = {
						DevelopmentTeam = 5KE2XD8HJ9;
					};
					3D538B971902FE5B00593726 = {
						TestTargetID = 3D538B7C1902FE5A00593726;
					};
				};
			};
			buildConfigurationList = 3D538B781902FE5A00593726 /* Build configuration list for PBXProject "NovumField" */;
			compatibilityVersion = "Xcode 3.2";
			developmentRegion = English;
			hasScannedForEncodings = 0;
			knownRegions = (
				en,
			);
			mainGroup = 3D538B741902FE5A00593726;
			productRefGroup = 3D538B7E1902FE5A00593726 /* Products */;
			projectDirPath = "";
			projectRoot = "";
			targets = (
				3D538B7C1902FE5A00593726 /* NovumField */,
				3D538B971902FE5B00593726 /* NovumFieldTests */,
			);
		};
/* End PBXProject section */

/* Begin PBXResourcesBuildPhase section */
		3D538B7B1902FE5A00593726 /* Resources */ = {
			isa = PBXResourcesBuildPhase;
			buildActionMask = 2147483647;
			files = (
				3D538BC01903019000593726 /* MainStoryboard.storyboard in Resources */,
				3D538BC819031D5A00593726 /* Novum Icon 01_32x32.png in Resources */,
				3D538B8B1902FE5A00593726 /* InfoPlist.strings in Resources */,
				3D538B931902FE5A00593726 /* Images.xcassets in Resources */,
				3DAE6C6A1904027800BDFC3B /* camera.png in Resources */,
				3D538BBA1903009400593726 /* Novum Icon 01_80x80.png in Resources */,
				3D538BCA1903233700593726 /* Localizable.strings in Resources */,
				3D538BB91903009400593726 /* Novum Icon 01_58x58.png in Resources */,
				3D538BB81903009400593726 /* Novum Icon 01_120x120.png in Resources */,
			);
			runOnlyForDeploymentPostprocessing = 0;
		};
		3D538B961902FE5B00593726 /* Resources */ = {
			isa = PBXResourcesBuildPhase;
			buildActionMask = 2147483647;
			files = (
				3D538BA41902FE5B00593726 /* InfoPlist.strings in Resources */,
			);
			runOnlyForDeploymentPostprocessing = 0;
		};
/* End PBXResourcesBuildPhase section */

/* Begin PBXSourcesBuildPhase section */
		3D538B791902FE5A00593726 /* Sources */ = {
			isa = PBXSourcesBuildPhase;
			buildActionMask = 2147483647;
			files = (
				3D538BCD1903290700593726 /* NVMFieldSettingsViewController.m in Sources */,
				3D538BD019032CD900593726 /* NVMFieldUtilityViewController.m in Sources */,
				3D538BD619035E7000593726 /* UIDevice+macaddress.m in Sources */,
				3D538B8D1902FE5A00593726 /* main.m in Sources */,
				3D538BD3190344B700593726 /* NVMFieldUser.m in Sources */,
				3D538BC31903124C00593726 /* NVMFieldHomeViewController.m in Sources */,
				3D538B911902FE5A00593726 /* NVMFieldAppDelegate.m in Sources */,
			);
			runOnlyForDeploymentPostprocessing = 0;
		};
		3D538B941902FE5B00593726 /* Sources */ = {
			isa = PBXSourcesBuildPhase;
			buildActionMask = 2147483647;
			files = (
				3D538BA61902FE5B00593726 /* NovumFieldTests.m in Sources */,
			);
			runOnlyForDeploymentPostprocessing = 0;
		};
/* End PBXSourcesBuildPhase section */

/* Begin PBXTargetDependency section */
		3D538B9E1902FE5B00593726 /* PBXTargetDependency */ = {
			isa = PBXTargetDependency;
			target = 3D538B7C1902FE5A00593726 /* NovumField */;
			targetProxy = 3D538B9D1902FE5B00593726 /* PBXContainerItemProxy */;
		};
/* End PBXTargetDependency section */

/* Begin PBXVariantGroup section */
		3D538B891902FE5A00593726 /* InfoPlist.strings */ = {
			isa = PBXVariantGroup;
			children = (
				3D538B8A1902FE5A00593726 /* en */,
			);
			name = InfoPlist.strings;
			sourceTree = "<group>";
		};
		3D538BA21902FE5B00593726 /* InfoPlist.strings */ = {
			isa = PBXVariantGroup;
			children = (
				3D538BA31902FE5B00593726 /* en */,
			);
			name = InfoPlist.strings;
			sourceTree = "<group>";
		};
/* End PBXVariantGroup section */

/* Begin XCBuildConfiguration section */
		3D538BA71902FE5B00593726 /* Debug */ = {
			isa = XCBuildConfiguration;
			buildSettings = {
				ALWAYS_SEARCH_USER_PATHS = NO;
				CLANG_CXX_LANGUAGE_STANDARD = "gnu++0x";
				CLANG_CXX_LIBRARY = "libc++";
				CLANG_ENABLE_MODULES = YES;
				CLANG_ENABLE_OBJC_ARC = YES;
				CLANG_WARN_BOOL_CONVERSION = YES;
				CLANG_WARN_CONSTANT_CONVERSION = YES;
				CLANG_WARN_DIRECT_OBJC_ISA_USAGE = YES_ERROR;
				CLANG_WARN_EMPTY_BODY = YES;
				CLANG_WARN_ENUM_CONVERSION = YES;
				CLANG_WARN_INT_CONVERSION = YES;
				CLANG_WARN_OBJC_ROOT_CLASS = YES_ERROR;
				CLANG_WARN__DUPLICATE_METHOD_MATCH = YES;
				"CODE_SIGN_IDENTITY[sdk=iphoneos*]" = "iPhone Developer";
				COPY_PHASE_STRIP = NO;
				GCC_C_LANGUAGE_STANDARD = gnu99;
				GCC_DYNAMIC_NO_PIC = NO;
				GCC_OPTIMIZATION_LEVEL = 0;
				GCC_PREPROCESSOR_DEFINITIONS = (
					"DEBUG=1",
					"$(inherited)",
				);
				GCC_SYMBOLS_PRIVATE_EXTERN = NO;
				GCC_WARN_64_TO_32_BIT_CONVERSION = YES;
				GCC_WARN_ABOUT_RETURN_TYPE = YES_ERROR;
				GCC_WARN_UNDECLARED_SELECTOR = YES;
				GCC_WARN_UNINITIALIZED_AUTOS = YES_AGGRESSIVE;
				GCC_WARN_UNUSED_FUNCTION = YES;
				GCC_WARN_UNUSED_VARIABLE = YES;
				IPHONEOS_DEPLOYMENT_TARGET = 7.1;
				ONLY_ACTIVE_ARCH = YES;
				SDKROOT = iphoneos;
			};
			name = Debug;
		};
		3D538BA81902FE5B00593726 /* Release */ = {
			isa = XCBuildConfiguration;
			buildSettings = {
				ALWAYS_SEARCH_USER_PATHS = NO;
				CLANG_CXX_LANGUAGE_STANDARD = "gnu++0x";
				CLANG_CXX_LIBRARY = "libc++";
				CLANG_ENABLE_MODULES = YES;
				CLANG_ENABLE_OBJC_ARC = YES;
				CLANG_WARN_BOOL_CONVERSION = YES;
				CLANG_WARN_CONSTANT_CONVERSION = YES;
				CLANG_WARN_DIRECT_OBJC_ISA_USAGE = YES_ERROR;
				CLANG_WARN_EMPTY_BODY = YES;
				CLANG_WARN_ENUM_CONVERSION = YES;
				CLANG_WARN_INT_CONVERSION = YES;
				CLANG_WARN_OBJC_ROOT_CLASS = YES_ERROR;
				CLANG_WARN__DUPLICATE_METHOD_MATCH = YES;
				"CODE_SIGN_IDENTITY[sdk=iphoneos*]" = "iPhone Developer";
				COPY_PHASE_STRIP = YES;
				ENABLE_NS_ASSERTIONS = NO;
				GCC_C_LANGUAGE_STANDARD = gnu99;
				GCC_WARN_64_TO_32_BIT_CONVERSION = YES;
				GCC_WARN_ABOUT_RETURN_TYPE = YES_ERROR;
				GCC_WARN_UNDECLARED_SELECTOR = YES;
				GCC_WARN_UNINITIALIZED_AUTOS = YES_AGGRESSIVE;
				GCC_WARN_UNUSED_FUNCTION = YES;
				GCC_WARN_UNUSED_VARIABLE = YES;
				IPHONEOS_DEPLOYMENT_TARGET = 7.1;
				SDKROOT = iphoneos;
				VALIDATE_PRODUCT = YES;
			};
			name = Release;
		};
		3D538BAA1902FE5B00593726 /* Debug */ = {
			isa = XCBuildConfiguration;
			buildSettings = {
				ASSETCATALOG_COMPILER_APPICON_NAME = AppIcon;
				ASSETCATALOG_COMPILER_LAUNCHIMAGE_NAME = LaunchImage;
				CODE_SIGN_IDENTITY = "iPhone Developer";
				GCC_PRECOMPILE_PREFIX_HEADER = YES;
				GCC_PREFIX_HEADER = "NovumField/NovumField-Prefix.pch";
				INFOPLIST_FILE = "NovumField/NovumField-Info.plist";
				IPHONEOS_DEPLOYMENT_TARGET = 7.0;
				PRODUCT_NAME = "$(TARGET_NAME)";
				TARGETED_DEVICE_FAMILY = 1;
				WRAPPER_EXTENSION = app;
			};
			name = Debug;
		};
		3D538BAB1902FE5B00593726 /* Release */ = {
			isa = XCBuildConfiguration;
			buildSettings = {
				ASSETCATALOG_COMPILER_APPICON_NAME = AppIcon;
				ASSETCATALOG_COMPILER_LAUNCHIMAGE_NAME = LaunchImage;
				CODE_SIGN_IDENTITY = "iPhone Developer";
				GCC_PRECOMPILE_PREFIX_HEADER = YES;
				GCC_PREFIX_HEADER = "NovumField/NovumField-Prefix.pch";
				INFOPLIST_FILE = "NovumField/NovumField-Info.plist";
				IPHONEOS_DEPLOYMENT_TARGET = 7.0;
				PRODUCT_NAME = "$(TARGET_NAME)";
				TARGETED_DEVICE_FAMILY = 1;
				WRAPPER_EXTENSION = app;
			};
			name = Release;
		};
		3D538BAD1902FE5B00593726 /* Debug */ = {
			isa = XCBuildConfiguration;
			buildSettings = {
				BUNDLE_LOADER = "$(BUILT_PRODUCTS_DIR)/NovumField.app/NovumField";
				FRAMEWORK_SEARCH_PATHS = (
					"$(SDKROOT)/Developer/Library/Frameworks",
					"$(inherited)",
					"$(DEVELOPER_FRAMEWORKS_DIR)",
				);
				GCC_PRECOMPILE_PREFIX_HEADER = YES;
				GCC_PREFIX_HEADER = "NovumField/NovumField-Prefix.pch";
				GCC_PREPROCESSOR_DEFINITIONS = (
					"DEBUG=1",
					"$(inherited)",
				);
				INFOPLIST_FILE = "NovumFieldTests/NovumFieldTests-Info.plist";
				PRODUCT_NAME = "$(TARGET_NAME)";
				TEST_HOST = "$(BUNDLE_LOADER)";
				WRAPPER_EXTENSION = xctest;
			};
			name = Debug;
		};
		3D538BAE1902FE5B00593726 /* Release */ = {
			isa = XCBuildConfiguration;
			buildSettings = {
				BUNDLE_LOADER = "$(BUILT_PRODUCTS_DIR)/NovumField.app/NovumField";
				FRAMEWORK_SEARCH_PATHS = (
					"$(SDKROOT)/Developer/Library/Frameworks",
					"$(inherited)",
					"$(DEVELOPER_FRAMEWORKS_DIR)",
				);
				GCC_PRECOMPILE_PREFIX_HEADER = YES;
				GCC_PREFIX_HEADER = "NovumField/NovumField-Prefix.pch";
				INFOPLIST_FILE = "NovumFieldTests/NovumFieldTests-Info.plist";
				PRODUCT_NAME = "$(TARGET_NAME)";
				TEST_HOST = "$(BUNDLE_LOADER)";
				WRAPPER_EXTENSION = xctest;
			};
			name = Release;
		};
/* End XCBuildConfiguration section */

/* Begin XCConfigurationList section */
		3D538B781902FE5A00593726 /* Build configuration list for PBXProject "NovumField" */ = {
			isa = XCConfigurationList;
			buildConfigurations = (
				3D538BA71902FE5B00593726 /* Debug */,
				3D538BA81902FE5B00593726 /* Release */,
			);
			defaultConfigurationIsVisible = 0;
			defaultConfigurationName = Release;
		};
		3D538BA91902FE5B00593726 /* Build configuration list for PBXNativeTarget "NovumField" */ = {
			isa = XCConfigurationList;
			buildConfigurations = (
				3D538BAA1902FE5B00593726 /* Debug */,
				3D538BAB1902FE5B00593726 /* Release */,
			);
			defaultConfigurationIsVisible = 0;
			defaultConfigurationName = Release;
		};
		3D538BAC1902FE5B00593726 /* Build configuration list for PBXNativeTarget "NovumFieldTests" */ = {
			isa = XCConfigurationList;
			buildConfigurations = (
				3D538BAD1902FE5B00593726 /* Debug */,
				3D538BAE1902FE5B00593726 /* Release */,
			);
			defaultConfigurationIsVisible = 0;
			defaultConfigurationName = Release;
		};
/* End XCConfigurationList section */
	};
	rootObject = 3D538B751902FE5A00593726 /* Project object */;
}
